lockfileVersion: '9.0'

settings:
  autoInstallPeers: true
  excludeLinksFromLockfile: false

importers:

  .:
    dependencies:
      i18next:
        specifier: ^23.14.0
        version: 23.14.0
      react-i18next:
        specifier: ^15.0.1
        version: 15.0.1(i18next@23.14.0)(react@18.3.1)

packages:

  '@babel/runtime@7.25.6':
    resolution: {integrity: sha512-VBj9MYyDb9tuLq7yzqjgzt6Q+IBQLrGZfdjOekyEirZPHxXWoTSGUTMrpsfi58Up73d13NfYLv8HT9vmznjzhQ==}
    engines: {node: '>=6.9.0'}

  html-parse-stringify@3.0.1:
    resolution: {integrity: sha512-KknJ50kTInJ7qIScF3jeaFRpMpE8/lfiTdzf/twXyPBLAGrLRTmkz3AdTnKeh40X8k9L2fdYwEp/42WGXIRGcg==}

  i18next@23.14.0:
    resolution: {integrity: sha512-Y5GL4OdA8IU2geRrt2+Uc1iIhsjICdHZzT9tNwQ3TVqdNzgxHToGCKf/TPRP80vTCAP6svg2WbbJL+Gx5MFQVA==}

  js-tokens@4.0.0:
    resolution: {integrity: sha512-RdJUflcE3cUzKiMqQgsCu06FPu9UdIJO0beYbPhHN4k6apgJtifcoCtT9bcxOpYBtpD2kCM6Sbzg4CausW/PKQ==}

  loose-envify@1.4.0:
    resolution: {integrity: sha512-lyuxPGr/Wfhrlem2CL/UcnUc1zcqKAImBDzukY7Y5F/yQiNdko6+fRLevlw1HgMySw7f611UIY408EtxRSoK3Q==}
    hasBin: true

  react-i18next@15.0.1:
    resolution: {integrity: sha512-NwxLqNM6CLbeGA9xPsjits0EnXdKgCRSS6cgkgOdNcPXqL+1fYNl8fBg1wmnnHvFy812Bt4IWTPE9zjoPmFj3w==}
    peerDependencies:
      i18next: '>= 23.2.3'
      react: '>= 16.8.0'
      react-dom: '*'
      react-native: '*'
    peerDependenciesMeta:
      react-dom:
        optional: true
      react-native:
        optional: true

  react@18.3.1:
    resolution: {integrity: sha512-wS+hAgJShR0KhEvPJArfuPVN1+Hz1t0Y6n5jLrGQbkb4urgPE/0Rve+1kMB1v/oWgHgm4WIcV+i7F2pTVj+2iQ==}
    engines: {node: '>=0.10.0'}

  regenerator-runtime@0.14.1:
    resolution: {integrity: sha512-dYnhHh0nJoMfnkZs6GmmhFknAGRrLznOu5nc9ML+EJxGvrx6H7teuevqVqCuPcPK//3eDrrjQhehXVx9cnkGdw==}

  void-elements@3.1.0:
    resolution: {integrity: sha512-Dhxzh5HZuiHQhbvTW9AMetFfBHDMYpo23Uo9btPXgdYP+3T5S+p+jgNy7spra+veYhBP2dCSgxR/i2Y02h5/6w==}
    engines: {node: '>=0.10.0'}

snapshots:

  '@babel/runtime@7.25.6':
    dependencies:
      regenerator-runtime: 0.14.1

  html-parse-stringify@3.0.1:
    dependencies:
      void-elements: 3.1.0

  i18next@23.14.0:
    dependencies:
      '@babel/runtime': 7.25.6

  js-tokens@4.0.0: {}

  loose-envify@1.4.0:
    dependencies:
      js-tokens: 4.0.0

  react-i18next@15.0.1(i18next@23.14.0)(react@18.3.1):
    dependencies:
      '@babel/runtime': 7.25.6
      html-parse-stringify: 3.0.1
      i18next: 23.14.0
      react: 18.3.1

  react@18.3.1:
    dependencies:
      loose-envify: 1.4.0

  regenerator-runtime@0.14.1: {}

  void-elements@3.1.0: {}
